github.com/go-gl/gl v0.0.0-20231021071112-07e5d0ea2e71 h1:5BVwOaUSBTlVZowGO6VZGw2H/zl9nrd3eCZfYV+NfQA=
github.com/go-gl/gl v0.0.0-20231021071112-07e5d0ea2e71/go.mod h1:9YTyiznxEY1fVinfM7RvRcjRHbw2xLBJ3AAGIT0I4Nw=
github.com/go-gl/glfw/v3.3/glfw v0.0.0-20240307211618-a69d953ea142 h1:/4YI5K2b16JtP2cL4D2xDNvH/ESm2ZbGJ0VsudkHJ5s=
github.com/go-gl/glfw/v3.3/glfw v0.0.0-20240307211618-a69d953ea142/go.mod h1:tQ2UAYgL5IevRw8kRxooKSPJfGvJ9fJQFa0TUsXzTg8=
github.com/gopherjs/gopherjs v1.17.2 h1:fQnZVsXk8uxXIStYb0N4bGk7jeyTalG/wsZjQ25dO0g=
github.com/gopherjs/gopherjs v1.17.2/go.mod h1:pRRIvn/QzFLrKfvEz3qUuEhtE/zLCWfreZ6J5gM2i+k=
github.com/goxjs/gl v0.0.0-20230705020350-37525f4d9d35 h1:0nrx2NBHnXyMlX9vZ+nHuuk9CUHbLeYfzhhYcIYO0aE=
github.com/goxjs/gl v0.0.0-20230705020350-37525f4d9d35/go.mod h1:5N8oq1ByK4sl23tHlaSzAz+K3HembX6EP/bw25Nl1aU=
github.com/goxjs/glfw v0.0.0-20230704040236-622eb27e272a h1:7PTr4KjX8oeckUIQgwRc/BwTJN4ti5dAR5MGoBHDKR8=
github.com/goxjs/glfw v0.0.0-20230704040236-622eb27e272a/go.mod h1:sVbv2S3I5K7bTlalOHCPfV429ZpKzGq5zwsWgrzj5aQ=
github.com/shibukawa/nanovgo v0.0.0-20160822101109-9141d09b3652 h1:7ORiLBcdIPEjwwbbjUpYIvy3Z6syqAhnfY/3m5DSs5M=
github.com/shibukawa/nanovgo v0.0.0-20160822101109-9141d09b3652/go.mod h1:A/HWQKoHKEbx5r+LI6Lns9g6vSROSGw59APgU2Zr+Cc=
honnef.co/go/js/console v0.0.0-20150119023344-105276c43558 h1:h/U4Bu3p/OB5OvK6+7cXA1oleuDeFzZOTHuwZjMT36A=
honnef.co/go/js/console v0.0.0-20150119023344-105276c43558/go.mod h1:K5NtVTubnQQDVBcHCysv3MwAde+idPmWBeXxpHczwcU=
honnef.co/go/js/dom v0.0.0-20231112215516-51f43a291193 h1:BST3Y7yWfYPO8qqWhL2KtuqgRCbls6bIr4b4iFCg43I=
honnef.co/go/js/dom v0.0.0-20231112215516-51f43a291193/go.mod h1:sUMDUKNB2ZcVjt92UnLy3cdGs+wDAcrPdV3JP6sVgA4=
